
Microsoft Visual Studio Solution File, Format Version 12.00
# Visual Studio Version 16
VisualStudioVersion = 16.0.30804.86
MinimumVisualStudioVersion = 10.0.40219.1
Project("{9A19103F-16F7-4668-BE54-9A1E7A4F7556}") = "OAuth.Server", "OAuth.Server\OAuth.Server.csproj", "{0009A8AD-0D27-4061-8150-B4D27E451A27}"
EndProject
Project("{FAE04EC0-301F-11D3-BF4B-00C04F79EFBC}") = "OAuth.Client", "OAuth.Client\OAuth.Client.csproj", "{59220A09-C29C-4C4E-A9EA-5D58874AD6AF}"
EndProject
Global
	GlobalSection(SolutionConfigurationPlatforms) = preSolution
		Debug|Any CPU = Debug|Any CPU
		Release|Any CPU = Release|Any CPU
	EndGlobalSection
	GlobalSection(ProjectConfigurationPlatforms) = postSolution
		{0009A8AD-0D27-4061-8150-B4D27E451A27}.Debug|Any CPU.ActiveCfg = Debug|Any CPU
		{0009A8AD-0D27-4061-8150-B4D27E451A27}.Debug|Any CPU.Build.0 = Debug|Any CPU
		{0009A8AD-0D27-4061-8150-B4D27E451A27}.Release|Any CPU.ActiveCfg = Release|Any CPU
		{0009A8AD-0D27-4061-8150-B4D27E451A27}.Release|Any CPU.Build.0 = Release|Any CPU
		{59220A09-C29C-4C4E-A9EA-5D58874AD6AF}.Debug|Any CPU.ActiveCfg = Debug|Any CPU
		{59220A09-C29C-4C4E-A9EA-5D58874AD6AF}.Debug|Any CPU.Build.0 = Debug|Any CPU
		{59220A09-C29C-4C4E-A9EA-5D58874AD6AF}.Release|Any CPU.ActiveCfg = Release|Any CPU
		{59220A09-C29C-4C4E-A9EA-5D58874AD6AF}.Release|Any CPU.Build.0 = Release|Any CPU
	EndGlobalSection
	GlobalSection(SolutionProperties) = preSolution
		HideSolutionNode = FALSE
	EndGlobalSection
	GlobalSection(ExtensibilityGlobals) = postSolution
		SolutionGuid = {12C4DEFE-2C48-40C2-BE08-8B9B5EF7901B}
	EndGlobalSection
EndGlobal
