
Microsoft Visual Studio Solution File, Format Version 12.00
# Visual Studio Version 16
VisualStudioVersion = 16.0.30804.86
MinimumVisualStudioVersion = 10.0.40219.1
Project("{9A19103F-16F7-4668-BE54-9A1E7A4F7556}") = "BastAlbum", "BastAlbum\BastAlbum.csproj", "{26ED0424-E2A0-4DB2-A851-166C4EFF1C9E}"
EndProject
Project("{2150E333-8FDC-42A3-9474-1A3956D46DE8}") = "src", "src", "{ECD17530-E72D-4735-B2A6-AAE7CF3D8B31}"
EndProject
Project("{2150E333-8FDC-42A3-9474-1A3956D46DE8}") = "test", "test", "{FB1BD092-6AB9-4AD0-9421-9F85496ACA47}"
EndProject
Project("{9A19103F-16F7-4668-BE54-9A1E7A4F7556}") = "BastAlbum.Test", "BastAlbum.Test\BastAlbum.Test.csproj", "{96BB03B2-521C-44C6-B941-7911E1750F2D}"
EndProject
Project("{FAE04EC0-301F-11D3-BF4B-00C04F79EFBC}") = "Camouflage", "Camouflage\Camouflage.csproj", "{8F915576-D662-4745-AB88-93DB0C09C2E9}"
EndProject
Project("{FAE04EC0-301F-11D3-BF4B-00C04F79EFBC}") = "Camouflage.Test", "Camouflage.Test\Camouflage.Test.csproj", "{F4B35B63-C063-4EF2-941D-C52F27B28677}"
EndProject
Global
	GlobalSection(SolutionConfigurationPlatforms) = preSolution
		Debug|Any CPU = Debug|Any CPU
		Release|Any CPU = Release|Any CPU
	EndGlobalSection
	GlobalSection(ProjectConfigurationPlatforms) = postSolution
		{26ED0424-E2A0-4DB2-A851-166C4EFF1C9E}.Debug|Any CPU.ActiveCfg = Debug|Any CPU
		{26ED0424-E2A0-4DB2-A851-166C4EFF1C9E}.Debug|Any CPU.Build.0 = Debug|Any CPU
		{26ED0424-E2A0-4DB2-A851-166C4EFF1C9E}.Release|Any CPU.ActiveCfg = Release|Any CPU
		{26ED0424-E2A0-4DB2-A851-166C4EFF1C9E}.Release|Any CPU.Build.0 = Release|Any CPU
		{96BB03B2-521C-44C6-B941-7911E1750F2D}.Debug|Any CPU.ActiveCfg = Debug|Any CPU
		{96BB03B2-521C-44C6-B941-7911E1750F2D}.Debug|Any CPU.Build.0 = Debug|Any CPU
		{96BB03B2-521C-44C6-B941-7911E1750F2D}.Release|Any CPU.ActiveCfg = Release|Any CPU
		{96BB03B2-521C-44C6-B941-7911E1750F2D}.Release|Any CPU.Build.0 = Release|Any CPU
		{8F915576-D662-4745-AB88-93DB0C09C2E9}.Debug|Any CPU.ActiveCfg = Debug|Any CPU
		{8F915576-D662-4745-AB88-93DB0C09C2E9}.Debug|Any CPU.Build.0 = Debug|Any CPU
		{8F915576-D662-4745-AB88-93DB0C09C2E9}.Release|Any CPU.ActiveCfg = Release|Any CPU
		{8F915576-D662-4745-AB88-93DB0C09C2E9}.Release|Any CPU.Build.0 = Release|Any CPU
		{F4B35B63-C063-4EF2-941D-C52F27B28677}.Debug|Any CPU.ActiveCfg = Debug|Any CPU
		{F4B35B63-C063-4EF2-941D-C52F27B28677}.Debug|Any CPU.Build.0 = Debug|Any CPU
		{F4B35B63-C063-4EF2-941D-C52F27B28677}.Release|Any CPU.ActiveCfg = Release|Any CPU
		{F4B35B63-C063-4EF2-941D-C52F27B28677}.Release|Any CPU.Build.0 = Release|Any CPU
	EndGlobalSection
	GlobalSection(SolutionProperties) = preSolution
		HideSolutionNode = FALSE
	EndGlobalSection
	GlobalSection(NestedProjects) = preSolution
		{26ED0424-E2A0-4DB2-A851-166C4EFF1C9E} = {ECD17530-E72D-4735-B2A6-AAE7CF3D8B31}
		{96BB03B2-521C-44C6-B941-7911E1750F2D} = {FB1BD092-6AB9-4AD0-9421-9F85496ACA47}
		{8F915576-D662-4745-AB88-93DB0C09C2E9} = {ECD17530-E72D-4735-B2A6-AAE7CF3D8B31}
		{F4B35B63-C063-4EF2-941D-C52F27B28677} = {FB1BD092-6AB9-4AD0-9421-9F85496ACA47}
	EndGlobalSection
	GlobalSection(ExtensibilityGlobals) = postSolution
		SolutionGuid = {2207679D-D9C1-4E2D-894A-9269CC91BBA0}
	EndGlobalSection
EndGlobal
