
Microsoft Visual Studio Solution File, Format Version 12.00
# Visual Studio Version 16
VisualStudioVersion = 16.0.30804.86
MinimumVisualStudioVersion = 10.0.40219.1
Project("{FAE04EC0-301F-11D3-BF4B-00C04F79EFBC}") = "EFCoreIssueTest", "EFCoreIssueTest\EFCoreIssueTest.csproj", "{F6284364-4A2C-45B6-9843-38E2D6311654}"
EndProject
Project("{E53339B2-1760-4266-BCC7-CA923CBCF16C}") = "docker-compose", "docker-compose.dcproj", "{A4821718-A37D-44CA-B836-8089B786B996}"
EndProject
Global
	GlobalSection(SolutionConfigurationPlatforms) = preSolution
		Debug|Any CPU = Debug|Any CPU
		Release|Any CPU = Release|Any CPU
	EndGlobalSection
	GlobalSection(ProjectConfigurationPlatforms) = postSolution
		{F6284364-4A2C-45B6-9843-38E2D6311654}.Debug|Any CPU.ActiveCfg = Debug|Any CPU
		{F6284364-4A2C-45B6-9843-38E2D6311654}.Debug|Any CPU.Build.0 = Debug|Any CPU
		{F6284364-4A2C-45B6-9843-38E2D6311654}.Release|Any CPU.ActiveCfg = Release|Any CPU
		{F6284364-4A2C-45B6-9843-38E2D6311654}.Release|Any CPU.Build.0 = Release|Any CPU
		{A4821718-A37D-44CA-B836-8089B786B996}.Debug|Any CPU.ActiveCfg = Debug|Any CPU
		{A4821718-A37D-44CA-B836-8089B786B996}.Debug|Any CPU.Build.0 = Debug|Any CPU
		{A4821718-A37D-44CA-B836-8089B786B996}.Release|Any CPU.ActiveCfg = Release|Any CPU
		{A4821718-A37D-44CA-B836-8089B786B996}.Release|Any CPU.Build.0 = Release|Any CPU
	EndGlobalSection
	GlobalSection(SolutionProperties) = preSolution
		HideSolutionNode = FALSE
	EndGlobalSection
	GlobalSection(ExtensibilityGlobals) = postSolution
		SolutionGuid = {393FFA15-93D3-4173-9C6E-A166C4FB02C7}
	EndGlobalSection
EndGlobal
