
Microsoft Visual Studio Solution File, Format Version 12.00
# Visual Studio Version 16
VisualStudioVersion = 16.0.30804.86
MinimumVisualStudioVersion = 10.0.40219.1
Project("{9A19103F-16F7-4668-BE54-9A1E7A4F7556}") = "BasicDownload", "BasicDownload\BasicDownload.csproj", "{65EDC773-4E4F-402F-9426-CD1BC7650136}"
EndProject
Project("{9A19103F-16F7-4668-BE54-9A1E7A4F7556}") = "BasicUpload", "BasicUpload\BasicUpload.csproj", "{828A8CD3-2D41-4E51-85BD-16B479A27BD6}"
EndProject
Project("{FAE04EC0-301F-11D3-BF4B-00C04F79EFBC}") = "CacheExample", "CacheExample\CacheExample.csproj", "{726D69A9-E97C-4A85-AC3E-BB0F9B04A66D}"
EndProject
Global
	GlobalSection(SolutionConfigurationPlatforms) = preSolution
		Debug|Any CPU = Debug|Any CPU
		Release|Any CPU = Release|Any CPU
	EndGlobalSection
	GlobalSection(ProjectConfigurationPlatforms) = postSolution
		{65EDC773-4E4F-402F-9426-CD1BC7650136}.Debug|Any CPU.ActiveCfg = Debug|Any CPU
		{65EDC773-4E4F-402F-9426-CD1BC7650136}.Debug|Any CPU.Build.0 = Debug|Any CPU
		{65EDC773-4E4F-402F-9426-CD1BC7650136}.Release|Any CPU.ActiveCfg = Release|Any CPU
		{65EDC773-4E4F-402F-9426-CD1BC7650136}.Release|Any CPU.Build.0 = Release|Any CPU
		{828A8CD3-2D41-4E51-85BD-16B479A27BD6}.Debug|Any CPU.ActiveCfg = Debug|Any CPU
		{828A8CD3-2D41-4E51-85BD-16B479A27BD6}.Debug|Any CPU.Build.0 = Debug|Any CPU
		{828A8CD3-2D41-4E51-85BD-16B479A27BD6}.Release|Any CPU.ActiveCfg = Release|Any CPU
		{828A8CD3-2D41-4E51-85BD-16B479A27BD6}.Release|Any CPU.Build.0 = Release|Any CPU
		{726D69A9-E97C-4A85-AC3E-BB0F9B04A66D}.Debug|Any CPU.ActiveCfg = Debug|Any CPU
		{726D69A9-E97C-4A85-AC3E-BB0F9B04A66D}.Debug|Any CPU.Build.0 = Debug|Any CPU
		{726D69A9-E97C-4A85-AC3E-BB0F9B04A66D}.Release|Any CPU.ActiveCfg = Release|Any CPU
		{726D69A9-E97C-4A85-AC3E-BB0F9B04A66D}.Release|Any CPU.Build.0 = Release|Any CPU
	EndGlobalSection
	GlobalSection(SolutionProperties) = preSolution
		HideSolutionNode = FALSE
	EndGlobalSection
	GlobalSection(ExtensibilityGlobals) = postSolution
		SolutionGuid = {FCC3FB6E-2DBE-416D-ADD7-1D6AF7358DB4}
	EndGlobalSection
EndGlobal
