
Microsoft Visual Studio Solution File, Format Version 12.00
# Visual Studio Version 16
VisualStudioVersion = 16.0.30804.86
MinimumVisualStudioVersion = 10.0.40219.1
Project("{FAE04EC0-301F-11D3-BF4B-00C04F79EFBC}") = "BasicDownload", "BasicDownload\BasicDownload.csproj", "{65EDC773-4E4F-402F-9426-CD1BC7650136}"
EndProject
Global
	GlobalSection(SolutionConfigurationPlatforms) = preSolution
		Debug|Any CPU = Debug|Any CPU
		Release|Any CPU = Release|Any CPU
	EndGlobalSection
	GlobalSection(ProjectConfigurationPlatforms) = postSolution
		{65EDC773-4E4F-402F-9426-CD1BC7650136}.Debug|Any CPU.ActiveCfg = Debug|Any CPU
		{65EDC773-4E4F-402F-9426-CD1BC7650136}.Debug|Any CPU.Build.0 = Debug|Any CPU
		{65EDC773-4E4F-402F-9426-CD1BC7650136}.Release|Any CPU.ActiveCfg = Release|Any CPU
		{65EDC773-4E4F-402F-9426-CD1BC7650136}.Release|Any CPU.Build.0 = Release|Any CPU
	EndGlobalSection
	GlobalSection(SolutionProperties) = preSolution
		HideSolutionNode = FALSE
	EndGlobalSection
	GlobalSection(ExtensibilityGlobals) = postSolution
		SolutionGuid = {FCC3FB6E-2DBE-416D-ADD7-1D6AF7358DB4}
	EndGlobalSection
EndGlobal
