
Microsoft Visual Studio Solution File, Format Version 12.00
# Visual Studio Version 16
VisualStudioVersion = 16.0.30804.86
MinimumVisualStudioVersion = 10.0.40219.1
Project("{FAE04EC0-301F-11D3-BF4B-00C04F79EFBC}") = "DockerEnvTest2", "DockerEnvTest2\DockerEnvTest2.csproj", "{CDF6AA3F-267C-42A4-BC9B-A645E572ECAE}"
EndProject
Project("{E53339B2-1760-4266-BCC7-CA923CBCF16C}") = "docker-compose", "docker-compose.dcproj", "{28FDB2B7-B603-4A68-A8DC-DB50947476B9}"
EndProject
Global
	GlobalSection(SolutionConfigurationPlatforms) = preSolution
		Debug|Any CPU = Debug|Any CPU
		Release|Any CPU = Release|Any CPU
	EndGlobalSection
	GlobalSection(ProjectConfigurationPlatforms) = postSolution
		{CDF6AA3F-267C-42A4-BC9B-A645E572ECAE}.Debug|Any CPU.ActiveCfg = Debug|Any CPU
		{CDF6AA3F-267C-42A4-BC9B-A645E572ECAE}.Debug|Any CPU.Build.0 = Debug|Any CPU
		{CDF6AA3F-267C-42A4-BC9B-A645E572ECAE}.Release|Any CPU.ActiveCfg = Release|Any CPU
		{CDF6AA3F-267C-42A4-BC9B-A645E572ECAE}.Release|Any CPU.Build.0 = Release|Any CPU
		{28FDB2B7-B603-4A68-A8DC-DB50947476B9}.Debug|Any CPU.ActiveCfg = Debug|Any CPU
		{28FDB2B7-B603-4A68-A8DC-DB50947476B9}.Debug|Any CPU.Build.0 = Debug|Any CPU
		{28FDB2B7-B603-4A68-A8DC-DB50947476B9}.Release|Any CPU.ActiveCfg = Release|Any CPU
		{28FDB2B7-B603-4A68-A8DC-DB50947476B9}.Release|Any CPU.Build.0 = Release|Any CPU
	EndGlobalSection
	GlobalSection(SolutionProperties) = preSolution
		HideSolutionNode = FALSE
	EndGlobalSection
	GlobalSection(ExtensibilityGlobals) = postSolution
		SolutionGuid = {63373C70-5400-4CB0-AC64-EFF4BAC291ED}
	EndGlobalSection
EndGlobal
