
Microsoft Visual Studio Solution File, Format Version 12.00
# Visual Studio Version 16
VisualStudioVersion = 16.0.31005.135
MinimumVisualStudioVersion = 10.0.40219.1
Project("{FAE04EC0-301F-11D3-BF4B-00C04F79EFBC}") = "DockerEnvTest1", "DockerEnvTest1\DockerEnvTest1.csproj", "{848C0176-E530-4D03-B71B-508B7ABCFC74}"
EndProject
Global
	GlobalSection(SolutionConfigurationPlatforms) = preSolution
		Debug|Any CPU = Debug|Any CPU
		Release|Any CPU = Release|Any CPU
	EndGlobalSection
	GlobalSection(ProjectConfigurationPlatforms) = postSolution
		{848C0176-E530-4D03-B71B-508B7ABCFC74}.Debug|Any CPU.ActiveCfg = Debug|Any CPU
		{848C0176-E530-4D03-B71B-508B7ABCFC74}.Debug|Any CPU.Build.0 = Debug|Any CPU
		{848C0176-E530-4D03-B71B-508B7ABCFC74}.Release|Any CPU.ActiveCfg = Release|Any CPU
		{848C0176-E530-4D03-B71B-508B7ABCFC74}.Release|Any CPU.Build.0 = Release|Any CPU
	EndGlobalSection
	GlobalSection(SolutionProperties) = preSolution
		HideSolutionNode = FALSE
	EndGlobalSection
	GlobalSection(ExtensibilityGlobals) = postSolution
		SolutionGuid = {1E64833A-4448-444E-A88E-9EC5E7FEA781}
	EndGlobalSection
EndGlobal
