
Microsoft Visual Studio Solution File, Format Version 12.00
# Visual Studio Version 16
VisualStudioVersion = 16.0.30804.86
MinimumVisualStudioVersion = 10.0.40219.1
Project("{FAE04EC0-301F-11D3-BF4B-00C04F79EFBC}") = "MailSendExample", "MailSendExample\MailSendExample.csproj", "{4919D125-E59D-48E8-82BF-FD77D6D3A580}"
EndProject
Global
	GlobalSection(SolutionConfigurationPlatforms) = preSolution
		Debug|Any CPU = Debug|Any CPU
		Release|Any CPU = Release|Any CPU
	EndGlobalSection
	GlobalSection(ProjectConfigurationPlatforms) = postSolution
		{4919D125-E59D-48E8-82BF-FD77D6D3A580}.Debug|Any CPU.ActiveCfg = Debug|Any CPU
		{4919D125-E59D-48E8-82BF-FD77D6D3A580}.Debug|Any CPU.Build.0 = Debug|Any CPU
		{4919D125-E59D-48E8-82BF-FD77D6D3A580}.Release|Any CPU.ActiveCfg = Release|Any CPU
		{4919D125-E59D-48E8-82BF-FD77D6D3A580}.Release|Any CPU.Build.0 = Release|Any CPU
	EndGlobalSection
	GlobalSection(SolutionProperties) = preSolution
		HideSolutionNode = FALSE
	EndGlobalSection
	GlobalSection(ExtensibilityGlobals) = postSolution
		SolutionGuid = {1455DA4A-1D09-4F59-9D90-B15B59E0FE45}
	EndGlobalSection
EndGlobal
